
Microsoft Visual Studio Solution File, Format Version 12.00
# Visual Studio Version 16
VisualStudioVersion = 16.0.29201.188
MinimumVisualStudioVersion = 10.0.40219.1
Project("{FAE04EC0-301F-11D3-BF4B-00C04F79EFBC}") = "task_HW1", "task_HW1.csproj", "{300A90CA-6436-4C71-9E4F-739BEC1B518D}"
EndProject
Global
	GlobalSection(SolutionConfigurationPlatforms) = preSolution
		Debug|Any CPU = Debug|Any CPU
		Release|Any CPU = Release|Any CPU
	EndGlobalSection
	GlobalSection(ProjectConfigurationPlatforms) = postSolution
		{300A90CA-6436-4C71-9E4F-739BEC1B518D}.Debug|Any CPU.ActiveCfg = Debug|Any CPU
		{300A90CA-6436-4C71-9E4F-739BEC1B518D}.Debug|Any CPU.Build.0 = Debug|Any CPU
		{300A90CA-6436-4C71-9E4F-739BEC1B518D}.Release|Any CPU.ActiveCfg = Release|Any CPU
		{300A90CA-6436-4C71-9E4F-739BEC1B518D}.Release|Any CPU.Build.0 = Release|Any CPU
	EndGlobalSection
	GlobalSection(SolutionProperties) = preSolution
		HideSolutionNode = FALSE
	EndGlobalSection
	GlobalSection(ExtensibilityGlobals) = postSolution
		SolutionGuid = {B99A1CDD-0B60-441C-A681-8191A313EEE0}
	EndGlobalSection
EndGlobal
